
Microsoft Visual Studio Solution File, Format Version 12.00
# Visual Studio Version 17
VisualStudioVersion = 17.14.36414.22 d17.14
MinimumVisualStudioVersion = 10.0.40219.1
Project("{FAE04EC0-301F-11D3-BF4B-00C04F79EFBC}") = "Admincion_Evento", "Admincion_Evento\Admincion_Evento.csproj", "{7E16BF91-4769-4CE5-9E0D-71BD25D998C5}"
EndProject
Project("{FAE04EC0-301F-11D3-BF4B-00C04F79EFBC}") = "Negocio", "Negocio\Negocio.csproj", "{2B7DAA0F-0098-46ED-A7CE-B44BC52B9F74}"
EndProject
Global
	GlobalSection(SolutionConfigurationPlatforms) = preSolution
		Debug|Any CPU = Debug|Any CPU
		Release|Any CPU = Release|Any CPU
	EndGlobalSection
	GlobalSection(ProjectConfigurationPlatforms) = postSolution
		{7E16BF91-4769-4CE5-9E0D-71BD25D998C5}.Debug|Any CPU.ActiveCfg = Debug|Any CPU
		{7E16BF91-4769-4CE5-9E0D-71BD25D998C5}.Debug|Any CPU.Build.0 = Debug|Any CPU
		{7E16BF91-4769-4CE5-9E0D-71BD25D998C5}.Release|Any CPU.ActiveCfg = Release|Any CPU
		{7E16BF91-4769-4CE5-9E0D-71BD25D998C5}.Release|Any CPU.Build.0 = Release|Any CPU
		{2B7DAA0F-0098-46ED-A7CE-B44BC52B9F74}.Debug|Any CPU.ActiveCfg = Debug|Any CPU
		{2B7DAA0F-0098-46ED-A7CE-B44BC52B9F74}.Debug|Any CPU.Build.0 = Debug|Any CPU
		{2B7DAA0F-0098-46ED-A7CE-B44BC52B9F74}.Release|Any CPU.ActiveCfg = Release|Any CPU
		{2B7DAA0F-0098-46ED-A7CE-B44BC52B9F74}.Release|Any CPU.Build.0 = Release|Any CPU
	EndGlobalSection
	GlobalSection(SolutionProperties) = preSolution
		HideSolutionNode = FALSE
	EndGlobalSection
	GlobalSection(ExtensibilityGlobals) = postSolution
		SolutionGuid = {35E9BA1C-0F72-4170-B863-00D63593F210}
	EndGlobalSection
EndGlobal
