
Microsoft Visual Studio Solution File, Format Version 12.00
# Visual Studio Version 17
VisualStudioVersion = 17.14.36414.22 d17.14
MinimumVisualStudioVersion = 10.0.40219.1
Project("{FAE04EC0-301F-11D3-BF4B-00C04F79EFBC}") = "Parcial_edificio", "Parcial_edificio\Parcial_edificio.csproj", "{B701368A-603E-4924-BC15-49DF3EEDB2EA}"
EndProject
Project("{FAE04EC0-301F-11D3-BF4B-00C04F79EFBC}") = "Clases", "Clases\Clases.csproj", "{E789EB25-0A19-4B7D-BF22-7AA6BA0A08B9}"
EndProject
Global
	GlobalSection(SolutionConfigurationPlatforms) = preSolution
		Debug|Any CPU = Debug|Any CPU
		Release|Any CPU = Release|Any CPU
	EndGlobalSection
	GlobalSection(ProjectConfigurationPlatforms) = postSolution
		{B701368A-603E-4924-BC15-49DF3EEDB2EA}.Debug|Any CPU.ActiveCfg = Debug|Any CPU
		{B701368A-603E-4924-BC15-49DF3EEDB2EA}.Debug|Any CPU.Build.0 = Debug|Any CPU
		{B701368A-603E-4924-BC15-49DF3EEDB2EA}.Release|Any CPU.ActiveCfg = Release|Any CPU
		{B701368A-603E-4924-BC15-49DF3EEDB2EA}.Release|Any CPU.Build.0 = Release|Any CPU
		{E789EB25-0A19-4B7D-BF22-7AA6BA0A08B9}.Debug|Any CPU.ActiveCfg = Debug|Any CPU
		{E789EB25-0A19-4B7D-BF22-7AA6BA0A08B9}.Debug|Any CPU.Build.0 = Debug|Any CPU
		{E789EB25-0A19-4B7D-BF22-7AA6BA0A08B9}.Release|Any CPU.ActiveCfg = Release|Any CPU
		{E789EB25-0A19-4B7D-BF22-7AA6BA0A08B9}.Release|Any CPU.Build.0 = Release|Any CPU
	EndGlobalSection
	GlobalSection(SolutionProperties) = preSolution
		HideSolutionNode = FALSE
	EndGlobalSection
	GlobalSection(ExtensibilityGlobals) = postSolution
		SolutionGuid = {D58CCF5B-9288-42AF-85F7-3838FC2CD983}
	EndGlobalSection
EndGlobal
