
Microsoft Visual Studio Solution File, Format Version 12.00
# Visual Studio Version 17
VisualStudioVersion = 17.14.36414.22 d17.14
MinimumVisualStudioVersion = 10.0.40219.1
Project("{FAE04EC0-301F-11D3-BF4B-00C04F79EFBC}") = "Parcial_Factura", "Parcial_Factura\Parcial_Factura.csproj", "{D5F0FBB6-DA07-496F-AD2E-27F43590F4B0}"
EndProject
Project("{FAE04EC0-301F-11D3-BF4B-00C04F79EFBC}") = "Clases", "Clases\Clases.csproj", "{5F1829D6-F41D-4875-97A6-23AFA67DDCD3}"
EndProject
Global
	GlobalSection(SolutionConfigurationPlatforms) = preSolution
		Debug|Any CPU = Debug|Any CPU
		Release|Any CPU = Release|Any CPU
	EndGlobalSection
	GlobalSection(ProjectConfigurationPlatforms) = postSolution
		{D5F0FBB6-DA07-496F-AD2E-27F43590F4B0}.Debug|Any CPU.ActiveCfg = Debug|Any CPU
		{D5F0FBB6-DA07-496F-AD2E-27F43590F4B0}.Debug|Any CPU.Build.0 = Debug|Any CPU
		{D5F0FBB6-DA07-496F-AD2E-27F43590F4B0}.Release|Any CPU.ActiveCfg = Release|Any CPU
		{D5F0FBB6-DA07-496F-AD2E-27F43590F4B0}.Release|Any CPU.Build.0 = Release|Any CPU
		{5F1829D6-F41D-4875-97A6-23AFA67DDCD3}.Debug|Any CPU.ActiveCfg = Debug|Any CPU
		{5F1829D6-F41D-4875-97A6-23AFA67DDCD3}.Debug|Any CPU.Build.0 = Debug|Any CPU
		{5F1829D6-F41D-4875-97A6-23AFA67DDCD3}.Release|Any CPU.ActiveCfg = Release|Any CPU
		{5F1829D6-F41D-4875-97A6-23AFA67DDCD3}.Release|Any CPU.Build.0 = Release|Any CPU
	EndGlobalSection
	GlobalSection(SolutionProperties) = preSolution
		HideSolutionNode = FALSE
	EndGlobalSection
	GlobalSection(ExtensibilityGlobals) = postSolution
		SolutionGuid = {334FEDEF-4BF5-4E1B-BDCC-6F2F84DB584C}
	EndGlobalSection
EndGlobal
